
Microsoft Visual Studio Solution File, Format Version 12.00
# Visual Studio 15
VisualStudioVersion = 15.0.28010.2036
MinimumVisualStudioVersion = 10.0.40219.1
Project("{8BC9CEB8-8B4A-11D0-8D11-00A0C91BC942}") = "Aerodynamics", "Aerodynamics.vcxproj", "{3F1BF10D-EE00-47B8-B8F7-ABA21EBAFFB7}"
EndProject
Global
	GlobalSection(SolutionConfigurationPlatforms) = preSolution
		Debug|x64 = Debug|x64
		Debug|x86 = Debug|x86
		Release|x64 = Release|x64
		Release|x86 = Release|x86
	EndGlobalSection
	GlobalSection(ProjectConfigurationPlatforms) = postSolution
		{3F1BF10D-EE00-47B8-B8F7-ABA21EBAFFB7}.Debug|x64.ActiveCfg = Debug|x64
		{3F1BF10D-EE00-47B8-B8F7-ABA21EBAFFB7}.Debug|x64.Build.0 = Debug|x64
		{3F1BF10D-EE00-47B8-B8F7-ABA21EBAFFB7}.Debug|x86.ActiveCfg = Debug|Win32
		{3F1BF10D-EE00-47B8-B8F7-ABA21EBAFFB7}.Debug|x86.Build.0 = Debug|Win32
		{3F1BF10D-EE00-47B8-B8F7-ABA21EBAFFB7}.Release|x64.ActiveCfg = Release|x64
		{3F1BF10D-EE00-47B8-B8F7-ABA21EBAFFB7}.Release|x64.Build.0 = Release|x64
		{3F1BF10D-EE00-47B8-B8F7-ABA21EBAFFB7}.Release|x86.ActiveCfg = Release|Win32
		{3F1BF10D-EE00-47B8-B8F7-ABA21EBAFFB7}.Release|x86.Build.0 = Release|Win32
	EndGlobalSection
	GlobalSection(SolutionProperties) = preSolution
		HideSolutionNode = FALSE
	EndGlobalSection
	GlobalSection(ExtensibilityGlobals) = postSolution
		SolutionGuid = {185E222A-B703-4F45-816A-9BD6FDE426B5}
	EndGlobalSection
EndGlobal
